
Microsoft Visual Studio Solution File, Format Version 12.00
# Visual Studio Version 16
VisualStudioVersion = 16.0.31911.196
MinimumVisualStudioVersion = 10.0.40219.1
Project("{9A19103F-16F7-4668-BE54-9A1E7A4F7556}") = "WebServicesClient-.Net-Core", "WebServicesClient-.Net-Core.csproj", "{03112E87-C28E-4010-8756-5BC331B5739C}"
EndProject
Global
	GlobalSection(SolutionConfigurationPlatforms) = preSolution
		Debug|Any CPU = Debug|Any CPU
		Release|Any CPU = Release|Any CPU
	EndGlobalSection
	GlobalSection(ProjectConfigurationPlatforms) = postSolution
		{03112E87-C28E-4010-8756-5BC331B5739C}.Debug|Any CPU.ActiveCfg = Debug|Any CPU
		{03112E87-C28E-4010-8756-5BC331B5739C}.Debug|Any CPU.Build.0 = Debug|Any CPU
		{03112E87-C28E-4010-8756-5BC331B5739C}.Release|Any CPU.ActiveCfg = Release|Any CPU
		{03112E87-C28E-4010-8756-5BC331B5739C}.Release|Any CPU.Build.0 = Release|Any CPU
	EndGlobalSection
	GlobalSection(SolutionProperties) = preSolution
		HideSolutionNode = FALSE
	EndGlobalSection
	GlobalSection(ExtensibilityGlobals) = postSolution
		SolutionGuid = {FAC64036-D224-4925-B6D7-5B99025B9935}
	EndGlobalSection
EndGlobal
